
Microsoft Visual Studio Solution File, Format Version 12.00
# Visual Studio Version 16
VisualStudioVersion = 16.0.29306.81
MinimumVisualStudioVersion = 10.0.40219.1
Project("{2150E333-8FDC-42A3-9474-1A3956D46DE8}") = "src", "src", "{186B0C3C-02E4-416C-9CD1-067E7662A53E}"
EndProject
Project("{2150E333-8FDC-42A3-9474-1A3956D46DE8}") = "tests", "tests", "{399E33DB-3837-48F0-BFFA-B756D995BD2D}"
EndProject
Project("{9A19103F-16F7-4668-BE54-9A1E7A4F7556}") = "CSInn.UI", "src\CSInn.UI\CSInn.UI.csproj", "{B6E0D216-88C8-4BA1-A71C-7C6BDB4247BB}"
EndProject
Project("{9A19103F-16F7-4668-BE54-9A1E7A4F7556}") = "CSInn.Discord.Authentication", "src\CSInn.Discord.Authentication\CSInn.Discord.Authentication.csproj", "{4BA8C0D8-A2CA-4E84-B018-644C2859F5A5}"
EndProject
Project("{9A19103F-16F7-4668-BE54-9A1E7A4F7556}") = "CSInn.Application.Tests", "tests\CSInn.Application.Tests\CSInn.Application.Tests.csproj", "{B92834CE-81D2-4E82-86CA-4940CFB8A102}"
EndProject
Project("{9A19103F-16F7-4668-BE54-9A1E7A4F7556}") = "CSInn.Domain.Repositories", "src\CSInn.Domain.Repositories\CSInn.Domain.Repositories.csproj", "{C0BCA68B-7CD7-4037-8DEF-3C1DFA0FFA64}"
EndProject
Project("{9A19103F-16F7-4668-BE54-9A1E7A4F7556}") = "CSInn.Infrastructure.Repositories", "src\CSInn.Infrastructure.Repositories\CSInn.Infrastructure.Repositories.csproj", "{68360ABC-FFEC-4A14-94EC-DCA6B96C044E}"
EndProject
Project("{9A19103F-16F7-4668-BE54-9A1E7A4F7556}") = "CSInn.Application", "src\CSInn.Application\CSInn.Application.csproj", "{9FC69081-2A6A-4990-ACC3-4D1A1D08AA73}"
EndProject
Project("{9A19103F-16F7-4668-BE54-9A1E7A4F7556}") = "CSInn.Discord.Authentication.Tests", "tests\CSInn.Discord.Authentication.Tests\CSInn.Discord.Authentication.Tests.csproj", "{989E16D6-A255-4AC5-BAE1-3D78B38EE258}"
EndProject
Project("{9A19103F-16F7-4668-BE54-9A1E7A4F7556}") = "CSInn.UI.Tests", "tests\CSInn.UI.Tests\CSInn.UI.Tests.csproj", "{2159A971-3858-48F0-99B4-6F40C4F50863}"
EndProject
Project("{9A19103F-16F7-4668-BE54-9A1E7A4F7556}") = "CSInn.Infrastructure.Repositories.Tests", "tests\CSInn.Infrastructure.Repositories.Tests\CSInn.Infrastructure.Repositories.Tests.csproj", "{1B2CDA69-B45A-4F95-B5C9-7AC3F834A7B7}"
EndProject
Project("{9A19103F-16F7-4668-BE54-9A1E7A4F7556}") = "CSInn.Models", "src\CSInn.Models\CSInn.Models.csproj", "{A4D369D6-4937-4BB4-8F90-89DBCADE1481}"
EndProject
Project("{2150E333-8FDC-42A3-9474-1A3956D46DE8}") = "Solution Items", "Solution Items", "{B5F618A9-1866-46A2-BE84-A376650ABF71}"
	ProjectSection(SolutionItems) = preProject
		Application Structure.txt = Application Structure.txt
	EndProjectSection
EndProject
Project("{2150E333-8FDC-42A3-9474-1A3956D46DE8}") = "Docs", "Docs", "{64B27306-8169-42BA-97CE-6436C9969359}"
	ProjectSection(SolutionItems) = preProject
		..\ProjectSpec.md = ..\ProjectSpec.md
	EndProjectSection
EndProject
Global
	GlobalSection(SolutionConfigurationPlatforms) = preSolution
		Debug|Any CPU = Debug|Any CPU
		Release|Any CPU = Release|Any CPU
	EndGlobalSection
	GlobalSection(ProjectConfigurationPlatforms) = postSolution
		{B6E0D216-88C8-4BA1-A71C-7C6BDB4247BB}.Debug|Any CPU.ActiveCfg = Debug|Any CPU
		{B6E0D216-88C8-4BA1-A71C-7C6BDB4247BB}.Debug|Any CPU.Build.0 = Debug|Any CPU
		{B6E0D216-88C8-4BA1-A71C-7C6BDB4247BB}.Release|Any CPU.ActiveCfg = Release|Any CPU
		{B6E0D216-88C8-4BA1-A71C-7C6BDB4247BB}.Release|Any CPU.Build.0 = Release|Any CPU
		{4BA8C0D8-A2CA-4E84-B018-644C2859F5A5}.Debug|Any CPU.ActiveCfg = Debug|Any CPU
		{4BA8C0D8-A2CA-4E84-B018-644C2859F5A5}.Debug|Any CPU.Build.0 = Debug|Any CPU
		{4BA8C0D8-A2CA-4E84-B018-644C2859F5A5}.Release|Any CPU.ActiveCfg = Release|Any CPU
		{4BA8C0D8-A2CA-4E84-B018-644C2859F5A5}.Release|Any CPU.Build.0 = Release|Any CPU
		{B92834CE-81D2-4E82-86CA-4940CFB8A102}.Debug|Any CPU.ActiveCfg = Debug|Any CPU
		{B92834CE-81D2-4E82-86CA-4940CFB8A102}.Debug|Any CPU.Build.0 = Debug|Any CPU
		{B92834CE-81D2-4E82-86CA-4940CFB8A102}.Release|Any CPU.ActiveCfg = Release|Any CPU
		{B92834CE-81D2-4E82-86CA-4940CFB8A102}.Release|Any CPU.Build.0 = Release|Any CPU
		{C0BCA68B-7CD7-4037-8DEF-3C1DFA0FFA64}.Debug|Any CPU.ActiveCfg = Debug|Any CPU
		{C0BCA68B-7CD7-4037-8DEF-3C1DFA0FFA64}.Debug|Any CPU.Build.0 = Debug|Any CPU
		{C0BCA68B-7CD7-4037-8DEF-3C1DFA0FFA64}.Release|Any CPU.ActiveCfg = Release|Any CPU
		{C0BCA68B-7CD7-4037-8DEF-3C1DFA0FFA64}.Release|Any CPU.Build.0 = Release|Any CPU
		{68360ABC-FFEC-4A14-94EC-DCA6B96C044E}.Debug|Any CPU.ActiveCfg = Debug|Any CPU
		{68360ABC-FFEC-4A14-94EC-DCA6B96C044E}.Debug|Any CPU.Build.0 = Debug|Any CPU
		{68360ABC-FFEC-4A14-94EC-DCA6B96C044E}.Release|Any CPU.ActiveCfg = Release|Any CPU
		{68360ABC-FFEC-4A14-94EC-DCA6B96C044E}.Release|Any CPU.Build.0 = Release|Any CPU
		{9FC69081-2A6A-4990-ACC3-4D1A1D08AA73}.Debug|Any CPU.ActiveCfg = Debug|Any CPU
		{9FC69081-2A6A-4990-ACC3-4D1A1D08AA73}.Debug|Any CPU.Build.0 = Debug|Any CPU
		{9FC69081-2A6A-4990-ACC3-4D1A1D08AA73}.Release|Any CPU.ActiveCfg = Release|Any CPU
		{9FC69081-2A6A-4990-ACC3-4D1A1D08AA73}.Release|Any CPU.Build.0 = Release|Any CPU
		{989E16D6-A255-4AC5-BAE1-3D78B38EE258}.Debug|Any CPU.ActiveCfg = Debug|Any CPU
		{989E16D6-A255-4AC5-BAE1-3D78B38EE258}.Debug|Any CPU.Build.0 = Debug|Any CPU
		{989E16D6-A255-4AC5-BAE1-3D78B38EE258}.Release|Any CPU.ActiveCfg = Release|Any CPU
		{989E16D6-A255-4AC5-BAE1-3D78B38EE258}.Release|Any CPU.Build.0 = Release|Any CPU
		{2159A971-3858-48F0-99B4-6F40C4F50863}.Debug|Any CPU.ActiveCfg = Debug|Any CPU
		{2159A971-3858-48F0-99B4-6F40C4F50863}.Debug|Any CPU.Build.0 = Debug|Any CPU
		{2159A971-3858-48F0-99B4-6F40C4F50863}.Release|Any CPU.ActiveCfg = Release|Any CPU
		{2159A971-3858-48F0-99B4-6F40C4F50863}.Release|Any CPU.Build.0 = Release|Any CPU
		{1B2CDA69-B45A-4F95-B5C9-7AC3F834A7B7}.Debug|Any CPU.ActiveCfg = Debug|Any CPU
		{1B2CDA69-B45A-4F95-B5C9-7AC3F834A7B7}.Debug|Any CPU.Build.0 = Debug|Any CPU
		{1B2CDA69-B45A-4F95-B5C9-7AC3F834A7B7}.Release|Any CPU.ActiveCfg = Release|Any CPU
		{1B2CDA69-B45A-4F95-B5C9-7AC3F834A7B7}.Release|Any CPU.Build.0 = Release|Any CPU
		{A4D369D6-4937-4BB4-8F90-89DBCADE1481}.Debug|Any CPU.ActiveCfg = Debug|Any CPU
		{A4D369D6-4937-4BB4-8F90-89DBCADE1481}.Debug|Any CPU.Build.0 = Debug|Any CPU
		{A4D369D6-4937-4BB4-8F90-89DBCADE1481}.Release|Any CPU.ActiveCfg = Release|Any CPU
		{A4D369D6-4937-4BB4-8F90-89DBCADE1481}.Release|Any CPU.Build.0 = Release|Any CPU
	EndGlobalSection
	GlobalSection(SolutionProperties) = preSolution
		HideSolutionNode = FALSE
	EndGlobalSection
	GlobalSection(NestedProjects) = preSolution
		{B6E0D216-88C8-4BA1-A71C-7C6BDB4247BB} = {186B0C3C-02E4-416C-9CD1-067E7662A53E}
		{4BA8C0D8-A2CA-4E84-B018-644C2859F5A5} = {186B0C3C-02E4-416C-9CD1-067E7662A53E}
		{B92834CE-81D2-4E82-86CA-4940CFB8A102} = {399E33DB-3837-48F0-BFFA-B756D995BD2D}
		{C0BCA68B-7CD7-4037-8DEF-3C1DFA0FFA64} = {186B0C3C-02E4-416C-9CD1-067E7662A53E}
		{68360ABC-FFEC-4A14-94EC-DCA6B96C044E} = {186B0C3C-02E4-416C-9CD1-067E7662A53E}
		{9FC69081-2A6A-4990-ACC3-4D1A1D08AA73} = {186B0C3C-02E4-416C-9CD1-067E7662A53E}
		{989E16D6-A255-4AC5-BAE1-3D78B38EE258} = {399E33DB-3837-48F0-BFFA-B756D995BD2D}
		{2159A971-3858-48F0-99B4-6F40C4F50863} = {399E33DB-3837-48F0-BFFA-B756D995BD2D}
		{1B2CDA69-B45A-4F95-B5C9-7AC3F834A7B7} = {399E33DB-3837-48F0-BFFA-B756D995BD2D}
		{A4D369D6-4937-4BB4-8F90-89DBCADE1481} = {186B0C3C-02E4-416C-9CD1-067E7662A53E}
	EndGlobalSection
	GlobalSection(ExtensibilityGlobals) = postSolution
		SolutionGuid = {6BBE2057-901B-474F-9140-0D045DF18046}
	EndGlobalSection
EndGlobal
