
Microsoft Visual Studio Solution File, Format Version 12.00
# Visual Studio Version 16
VisualStudioVersion = 16.0.28917.182
MinimumVisualStudioVersion = 10.0.40219.1
Project("{2150E333-8FDC-42A3-9474-1A3956D46DE8}") = "src", "src", "{186B0C3C-02E4-416C-9CD1-067E7662A53E}"
EndProject
Project("{2150E333-8FDC-42A3-9474-1A3956D46DE8}") = "tests", "tests", "{399E33DB-3837-48F0-BFFA-B756D995BD2D}"
EndProject
Project("{9A19103F-16F7-4668-BE54-9A1E7A4F7556}") = "CSInn.UI", "src\CSInn.UI\CSInn.UI.csproj", "{B6E0D216-88C8-4BA1-A71C-7C6BDB4247BB}"
EndProject
Project("{9A19103F-16F7-4668-BE54-9A1E7A4F7556}") = "CSInn.Models", "src\CSInn.Models.Content\CSInn.Models.csproj", "{572EDCF6-0EFA-4FDB-8532-BDAEEBE11746}"
EndProject
Project("{9A19103F-16F7-4668-BE54-9A1E7A4F7556}") = "CSInn.Discord.Authentication", "src\CSInn.Discord.Authentication\CSInn.Discord.Authentication.csproj", "{4BA8C0D8-A2CA-4E84-B018-644C2859F5A5}"
EndProject
Project("{9A19103F-16F7-4668-BE54-9A1E7A4F7556}") = "CSInn.Infrastructure.Repository", "src\CSInn.Infrastructure.Repository\CSInn.Infrastructure.Repository.csproj", "{1FE8D0BA-4E3F-441E-BE01-4291FECF38E8}"
EndProject
Project("{9A19103F-16F7-4668-BE54-9A1E7A4F7556}") = "CSInn.Domain.Repository", "src\CSInn.Domain.Repository\CSInn.Domain.Repository.csproj", "{135BC70D-3ED5-4F88-BA18-50743C9B97B8}"
EndProject
Project("{9A19103F-16F7-4668-BE54-9A1E7A4F7556}") = "CSInn.Application.Tests", "tests\CSInn.Application.Tests\CSInn.Application.Tests.csproj", "{B92834CE-81D2-4E82-86CA-4940CFB8A102}"
EndProject
Project("{9A19103F-16F7-4668-BE54-9A1E7A4F7556}") = "CSInn.Infrastructure.Repository.Tests", "tests\CSInn.Discord.Authentication.Tests\CSInn.Infrastructure.Repository.Tests.csproj", "{7D3E740C-07BC-4943-B26E-0775C9F80370}"
EndProject
Project("{9A19103F-16F7-4668-BE54-9A1E7A4F7556}") = "CSInn.Discord.Authentication.Tests", "tests\CSInn.Discord.Tests\CSInn.Discord.Authentication.Tests.csproj", "{5F8E3B47-D880-44EB-8527-46C3F343D05A}"
EndProject
Project("{9A19103F-16F7-4668-BE54-9A1E7A4F7556}") = "CSInn.UI.Tests", "tests\CSInn.UI.Tests\CSInn.UI.Tests.csproj", "{7E3B98FF-AD33-4A56-8894-3EED21E9D821}"
EndProject
Project("{9A19103F-16F7-4668-BE54-9A1E7A4F7556}") = "CSInn.Experimental", "src\CSInn.Experimental\CSInn.Experimental.csproj", "{1308BDEF-1889-40B0-A63A-DE255129316C}"
EndProject
Global
	GlobalSection(SolutionConfigurationPlatforms) = preSolution
		Debug|Any CPU = Debug|Any CPU
		Release|Any CPU = Release|Any CPU
	EndGlobalSection
	GlobalSection(ProjectConfigurationPlatforms) = postSolution
		{B6E0D216-88C8-4BA1-A71C-7C6BDB4247BB}.Debug|Any CPU.ActiveCfg = Debug|Any CPU
		{B6E0D216-88C8-4BA1-A71C-7C6BDB4247BB}.Debug|Any CPU.Build.0 = Debug|Any CPU
		{B6E0D216-88C8-4BA1-A71C-7C6BDB4247BB}.Release|Any CPU.ActiveCfg = Release|Any CPU
		{B6E0D216-88C8-4BA1-A71C-7C6BDB4247BB}.Release|Any CPU.Build.0 = Release|Any CPU
		{572EDCF6-0EFA-4FDB-8532-BDAEEBE11746}.Debug|Any CPU.ActiveCfg = Debug|Any CPU
		{572EDCF6-0EFA-4FDB-8532-BDAEEBE11746}.Debug|Any CPU.Build.0 = Debug|Any CPU
		{572EDCF6-0EFA-4FDB-8532-BDAEEBE11746}.Release|Any CPU.ActiveCfg = Release|Any CPU
		{572EDCF6-0EFA-4FDB-8532-BDAEEBE11746}.Release|Any CPU.Build.0 = Release|Any CPU
		{4BA8C0D8-A2CA-4E84-B018-644C2859F5A5}.Debug|Any CPU.ActiveCfg = Debug|Any CPU
		{4BA8C0D8-A2CA-4E84-B018-644C2859F5A5}.Debug|Any CPU.Build.0 = Debug|Any CPU
		{4BA8C0D8-A2CA-4E84-B018-644C2859F5A5}.Release|Any CPU.ActiveCfg = Release|Any CPU
		{4BA8C0D8-A2CA-4E84-B018-644C2859F5A5}.Release|Any CPU.Build.0 = Release|Any CPU
		{1FE8D0BA-4E3F-441E-BE01-4291FECF38E8}.Debug|Any CPU.ActiveCfg = Debug|Any CPU
		{1FE8D0BA-4E3F-441E-BE01-4291FECF38E8}.Debug|Any CPU.Build.0 = Debug|Any CPU
		{1FE8D0BA-4E3F-441E-BE01-4291FECF38E8}.Release|Any CPU.ActiveCfg = Release|Any CPU
		{1FE8D0BA-4E3F-441E-BE01-4291FECF38E8}.Release|Any CPU.Build.0 = Release|Any CPU
		{135BC70D-3ED5-4F88-BA18-50743C9B97B8}.Debug|Any CPU.ActiveCfg = Debug|Any CPU
		{135BC70D-3ED5-4F88-BA18-50743C9B97B8}.Debug|Any CPU.Build.0 = Debug|Any CPU
		{135BC70D-3ED5-4F88-BA18-50743C9B97B8}.Release|Any CPU.ActiveCfg = Release|Any CPU
		{135BC70D-3ED5-4F88-BA18-50743C9B97B8}.Release|Any CPU.Build.0 = Release|Any CPU
		{B92834CE-81D2-4E82-86CA-4940CFB8A102}.Debug|Any CPU.ActiveCfg = Debug|Any CPU
		{B92834CE-81D2-4E82-86CA-4940CFB8A102}.Debug|Any CPU.Build.0 = Debug|Any CPU
		{B92834CE-81D2-4E82-86CA-4940CFB8A102}.Release|Any CPU.ActiveCfg = Release|Any CPU
		{B92834CE-81D2-4E82-86CA-4940CFB8A102}.Release|Any CPU.Build.0 = Release|Any CPU
		{7D3E740C-07BC-4943-B26E-0775C9F80370}.Debug|Any CPU.ActiveCfg = Debug|Any CPU
		{7D3E740C-07BC-4943-B26E-0775C9F80370}.Debug|Any CPU.Build.0 = Debug|Any CPU
		{7D3E740C-07BC-4943-B26E-0775C9F80370}.Release|Any CPU.ActiveCfg = Release|Any CPU
		{7D3E740C-07BC-4943-B26E-0775C9F80370}.Release|Any CPU.Build.0 = Release|Any CPU
		{5F8E3B47-D880-44EB-8527-46C3F343D05A}.Debug|Any CPU.ActiveCfg = Debug|Any CPU
		{5F8E3B47-D880-44EB-8527-46C3F343D05A}.Debug|Any CPU.Build.0 = Debug|Any CPU
		{5F8E3B47-D880-44EB-8527-46C3F343D05A}.Release|Any CPU.ActiveCfg = Release|Any CPU
		{5F8E3B47-D880-44EB-8527-46C3F343D05A}.Release|Any CPU.Build.0 = Release|Any CPU
		{7E3B98FF-AD33-4A56-8894-3EED21E9D821}.Debug|Any CPU.ActiveCfg = Debug|Any CPU
		{7E3B98FF-AD33-4A56-8894-3EED21E9D821}.Debug|Any CPU.Build.0 = Debug|Any CPU
		{7E3B98FF-AD33-4A56-8894-3EED21E9D821}.Release|Any CPU.ActiveCfg = Release|Any CPU
		{7E3B98FF-AD33-4A56-8894-3EED21E9D821}.Release|Any CPU.Build.0 = Release|Any CPU
		{1308BDEF-1889-40B0-A63A-DE255129316C}.Debug|Any CPU.ActiveCfg = Debug|Any CPU
		{1308BDEF-1889-40B0-A63A-DE255129316C}.Debug|Any CPU.Build.0 = Debug|Any CPU
		{1308BDEF-1889-40B0-A63A-DE255129316C}.Release|Any CPU.ActiveCfg = Release|Any CPU
		{1308BDEF-1889-40B0-A63A-DE255129316C}.Release|Any CPU.Build.0 = Release|Any CPU
	EndGlobalSection
	GlobalSection(SolutionProperties) = preSolution
		HideSolutionNode = FALSE
	EndGlobalSection
	GlobalSection(NestedProjects) = preSolution
		{B6E0D216-88C8-4BA1-A71C-7C6BDB4247BB} = {186B0C3C-02E4-416C-9CD1-067E7662A53E}
		{572EDCF6-0EFA-4FDB-8532-BDAEEBE11746} = {186B0C3C-02E4-416C-9CD1-067E7662A53E}
		{4BA8C0D8-A2CA-4E84-B018-644C2859F5A5} = {186B0C3C-02E4-416C-9CD1-067E7662A53E}
		{1FE8D0BA-4E3F-441E-BE01-4291FECF38E8} = {186B0C3C-02E4-416C-9CD1-067E7662A53E}
		{135BC70D-3ED5-4F88-BA18-50743C9B97B8} = {186B0C3C-02E4-416C-9CD1-067E7662A53E}
		{B92834CE-81D2-4E82-86CA-4940CFB8A102} = {399E33DB-3837-48F0-BFFA-B756D995BD2D}
		{7D3E740C-07BC-4943-B26E-0775C9F80370} = {399E33DB-3837-48F0-BFFA-B756D995BD2D}
		{5F8E3B47-D880-44EB-8527-46C3F343D05A} = {399E33DB-3837-48F0-BFFA-B756D995BD2D}
		{7E3B98FF-AD33-4A56-8894-3EED21E9D821} = {399E33DB-3837-48F0-BFFA-B756D995BD2D}
		{1308BDEF-1889-40B0-A63A-DE255129316C} = {186B0C3C-02E4-416C-9CD1-067E7662A53E}
	EndGlobalSection
	GlobalSection(ExtensibilityGlobals) = postSolution
		SolutionGuid = {6BBE2057-901B-474F-9140-0D045DF18046}
	EndGlobalSection
EndGlobal
